// !$*UTF8*$!
{
	archiveVersion = 1;
	classes = {
	};
	objectVersion = 46;
	objects = {

/* Begin PBXBuildFile section */
		84FEE61419DECC29000C596C /* main.m in Sources */ = {isa = PBXBuildFile; fileRef = 84FEE61319DECC29000C596C /* main.m */; };
		84FEE61719DECC29000C596C /* AppDelegate.m in Sources */ = {isa = PBXBuildFile; fileRef = 84FEE61619DECC29000C596C /* AppDelegate.m */; };
		84FEE61A19DECC29000C596C /* BGColorAppearanceTest.xcdatamodeld in Sources */ = {isa = PBXBuildFile; fileRef = 84FEE61819DECC29000C596C /* BGColorAppearanceTest.xcdatamodeld */; };
		84FEE62019DECC29000C596C /* Main.storyboard in Resources */ = {isa = PBXBuildFile; fileRef = 84FEE61E19DECC29000C596C /* Main.storyboard */; };
		84FEE62219DECC29000C596C /* Images.xcassets in Resources */ = {isa = PBXBuildFile; fileRef = 84FEE62119DECC29000C596C /* Images.xcassets */; };
		84FEE62519DECC29000C596C /* LaunchScreen.xib in Resources */ = {isa = PBXBuildFile; fileRef = 84FEE62319DECC29000C596C /* LaunchScreen.xib */; };
		84FEE63119DECC29000C596C /* BGColorAppearanceTestTests.m in Sources */ = {isa = PBXBuildFile; fileRef = 84FEE63019DECC29000C596C /* BGColorAppearanceTestTests.m */; };
/* End PBXBuildFile section */

/* Begin PBXContainerItemProxy section */
		84FEE62B19DECC29000C596C /* PBXContainerItemProxy */ = {
			isa = PBXContainerItemProxy;
			containerPortal = 84FEE60619DECC29000C596C /* Project object */;
			proxyType = 1;
			remoteGlobalIDString = 84FEE60D19DECC29000C596C;
			remoteInfo = BGColorAppearanceTest;
		};
/* End PBXContainerItemProxy section */

/* Begin PBXFileReference section */
		84FEE60E19DECC29000C596C /* BGColorAppearanceTest.app */ = {isa = PBXFileReference; explicitFileType = wrapper.application; includeInIndex = 0; path = BGColorAppearanceTest.app; sourceTree = BUILT_PRODUCTS_DIR; };
		84FEE61219DECC29000C596C /* Info.plist */ = {isa = PBXFileReference; lastKnownFileType = text.plist.xml; path = Info.plist; sourceTree = "<group>"; };
		84FEE61319DECC29000C596C /* main.m */ = {isa = PBXFileReference; lastKnownFileType = sourcecode.c.objc; path = main.m; sourceTree = "<group>"; };
		84FEE61519DECC29000C596C /* AppDelegate.h */ = {isa = PBXFileReference; lastKnownFileType = sourcecode.c.h; path = AppDelegate.h; sourceTree = "<group>"; };
		84FEE61619DECC29000C596C /* AppDelegate.m */ = {isa = PBXFileReference; lastKnownFileType = sourcecode.c.objc; path = AppDelegate.m; sourceTree = "<group>"; };
		84FEE61919DECC29000C596C /* BGColorAppearanceTest.xcdatamodel */ = {isa = PBXFileReference; lastKnownFileType = wrapper.xcdatamodel; path = BGColorAppearanceTest.xcdatamodel; sourceTree = "<group>"; };
		84FEE61F19DECC29000C596C /* Base */ = {isa = PBXFileReference; lastKnownFileType = file.storyboard; name = Base; path = Base.lproj/Main.storyboard; sourceTree = "<group>"; };
		84FEE62119DECC29000C596C /* Images.xcassets */ = {isa = PBXFileReference; lastKnownFileType = folder.assetcatalog; path = Images.xcassets; sourceTree = "<group>"; };
		84FEE62419DECC29000C596C /* Base */ = {isa = PBXFileReference; lastKnownFileType = file.xib; name = Base; path = Base.lproj/LaunchScreen.xib; sourceTree = "<group>"; };
		84FEE62A19DECC29000C596C /* BGColorAppearanceTestTests.xctest */ = {isa = PBXFileReference; explicitFileType = wrapper.cfbundle; includeInIndex = 0; path = BGColorAppearanceTestTests.xctest; sourceTree = BUILT_PRODUCTS_DIR; };
		84FEE62F19DECC29000C596C /* Info.plist */ = {isa = PBXFileReference; lastKnownFileType = text.plist.xml; path = Info.plist; sourceTree = "<group>"; };
		84FEE63019DECC29000C596C /* BGColorAppearanceTestTests.m */ = {isa = PBXFileReference; lastKnownFileType = sourcecode.c.objc; path = BGColorAppearanceTestTests.m; sourceTree = "<group>"; };
/* End PBXFileReference section */

/* Begin PBXFrameworksBuildPhase section */
		84FEE60B19DECC29000C596C /* Frameworks */ = {
			isa = PBXFrameworksBuildPhase;
			buildActionMask = 2147483647;
			files = (
			);
			runOnlyForDeploymentPostprocessing = 0;
		};
		84FEE62719DECC29000C596C /* Frameworks */ = {
			isa = PBXFrameworksBuildPhase;
			buildActionMask = 2147483647;
			files = (
			);
			runOnlyForDeploymentPostprocessing = 0;
		};
/* End PBXFrameworksBuildPhase section */

/* Begin PBXGroup section */
		84FEE60519DECC29000C596C = {
			isa = PBXGroup;
			children = (
				84FEE61019DECC29000C596C /* BGColorAppearanceTest */,
				84FEE62D19DECC29000C596C /* BGColorAppearanceTestTests */,
				84FEE60F19DECC29000C596C /* Products */,
			);
			sourceTree = "<group>";
		};
		84FEE60F19DECC29000C596C /* Products */ = {
			isa = PBXGroup;
			children = (
				84FEE60E19DECC29000C596C /* BGColorAppearanceTest.app */,
				84FEE62A19DECC29000C596C /* BGColorAppearanceTestTests.xctest */,
			);
			name = Products;
			sourceTree = "<group>";
		};
		84FEE61019DECC29000C596C /* BGColorAppearanceTest */ = {
			isa = PBXGroup;
			children = (
				84FEE61519DECC29000C596C /* AppDelegate.h */,
				84FEE61619DECC29000C596C /* AppDelegate.m */,
				84FEE61E19DECC29000C596C /* Main.storyboard */,
				84FEE62119DECC29000C596C /* Images.xcassets */,
				84FEE62319DECC29000C596C /* LaunchScreen.xib */,
				84FEE61819DECC29000C596C /* BGColorAppearanceTest.xcdatamodeld */,
				84FEE61119DECC29000C596C /* Supporting Files */,
			);
			path = BGColorAppearanceTest;
			sourceTree = "<group>";
		};
		84FEE61119DECC29000C596C /* Supporting Files */ = {
			isa = PBXGroup;
			children = (
				84FEE61219DECC29000C596C /* Info.plist */,
				84FEE61319DECC29000C596C /* main.m */,
			);
			name = "Supporting Files";
			sourceTree = "<group>";
		};
		84FEE62D19DECC29000C596C /* BGColorAppearanceTestTests */ = {
			isa = PBXGroup;
			children = (
				84FEE63019DECC29000C596C /* BGColorAppearanceTestTests.m */,
				84FEE62E19DECC29000C596C /* Supporting Files */,
			);
			path = BGColorAppearanceTestTests;
			sourceTree = "<group>";
		};
		84FEE62E19DECC29000C596C /* Supporting Files */ = {
			isa = PBXGroup;
			children = (
				84FEE62F19DECC29000C596C /* Info.plist */,
			);
			name = "Supporting Files";
			sourceTree = "<group>";
		};
/* End PBXGroup section */

/* Begin PBXNativeTarget section */
		84FEE60D19DECC29000C596C /* BGColorAppearanceTest */ = {
			isa = PBXNativeTarget;
			buildConfigurationList = 84FEE63419DECC29000C596C /* Build configuration list for PBXNativeTarget "BGColorAppearanceTest" */;
			buildPhases = (
				84FEE60A19DECC29000C596C /* Sources */,
				84FEE60B19DECC29000C596C /* Frameworks */,
				84FEE60C19DECC29000C596C /* Resources */,
			);
			buildRules = (
			);
			dependencies = (
			);
			name = BGColorAppearanceTest;
			productName = BGColorAppearanceTest;
			productReference = 84FEE60E19DECC29000C596C /* BGColorAppearanceTest.app */;
			productType = "com.apple.product-type.application";
		};
		84FEE62919DECC29000C596C /* BGColorAppearanceTestTests */ = {
			isa = PBXNativeTarget;
			buildConfigurationList = 84FEE63719DECC29000C596C /* Build configuration list for PBXNativeTarget "BGColorAppearanceTestTests" */;
			buildPhases = (
				84FEE62619DECC29000C596C /* Sources */,
				84FEE62719DECC29000C596C /* Frameworks */,
				84FEE62819DECC29000C596C /* Resources */,
			);
			buildRules = (
			);
			dependencies = (
				84FEE62C19DECC29000C596C /* PBXTargetDependency */,
			);
			name = BGColorAppearanceTestTests;
			productName = BGColorAppearanceTestTests;
			productReference = 84FEE62A19DECC29000C596C /* BGColorAppearanceTestTests.xctest */;
			productType = "com.apple.product-type.bundle.unit-test";
		};
/* End PBXNativeTarget section */

/* Begin PBXProject section */
		84FEE60619DECC29000C596C /* Project object */ = {
			isa = PBXProject;
			attributes = {
				LastUpgradeCheck = 0600;
				ORGANIZATIONNAME = "Yron Lab";
				TargetAttributes = {
					84FEE60D19DECC29000C596C = {
						CreatedOnToolsVersion = 6.0.1;
					};
					84FEE62919DECC29000C596C = {
						CreatedOnToolsVersion = 6.0.1;
						TestTargetID = 84FEE60D19DECC29000C596C;
					};
				};
			};
			buildConfigurationList = 84FEE60919DECC29000C596C /* Build configuration list for PBXProject "BGColorAppearanceTest" */;
			compatibilityVersion = "Xcode 3.2";
			developmentRegion = English;
			hasScannedForEncodings = 0;
			knownRegions = (
				en,
				Base,
			);
			mainGroup = 84FEE60519DECC29000C596C;
			productRefGroup = 84FEE60F19DECC29000C596C /* Products */;
			projectDirPath = "";
			projectRoot = "";
			targets = (
				84FEE60D19DECC29000C596C /* BGColorAppearanceTest */,
				84FEE62919DECC29000C596C /* BGColorAppearanceTestTests */,
			);
		};
/* End PBXProject section */

/* Begin PBXResourcesBuildPhase section */
		84FEE60C19DECC29000C596C /* Resources */ = {
			isa = PBXResourcesBuildPhase;
			buildActionMask = 2147483647;
			files = (
				84FEE62019DECC29000C596C /* Main.storyboard in Resources */,
				84FEE62519DECC29000C596C /* LaunchScreen.xib in Resources */,
				84FEE62219DECC29000C596C /* Images.xcassets in Resources */,
			);
			runOnlyForDeploymentPostprocessing = 0;
		};
		84FEE62819DECC29000C596C /* Resources */ = {
			isa = PBXResourcesBuildPhase;
			buildActionMask = 2147483647;
			files = (
			);
			runOnlyForDeploymentPostprocessing = 0;
		};
/* End PBXResourcesBuildPhase section */

/* Begin PBXSourcesBuildPhase section */
		84FEE60A19DECC29000C596C /* Sources */ = {
			isa = PBXSourcesBuildPhase;
			buildActionMask = 2147483647;
			files = (
				84FEE61A19DECC29000C596C /* BGColorAppearanceTest.xcdatamodeld in Sources */,
				84FEE61719DECC29000C596C /* AppDelegate.m in Sources */,
				84FEE61419DECC29000C596C /* main.m in Sources */,
			);
			runOnlyForDeploymentPostprocessing = 0;
		};
		84FEE62619DECC29000C596C /* Sources */ = {
			isa = PBXSourcesBuildPhase;
			buildActionMask = 2147483647;
			files = (
				84FEE63119DECC29000C596C /* BGColorAppearanceTestTests.m in Sources */,
			);
			runOnlyForDeploymentPostprocessing = 0;
		};
/* End PBXSourcesBuildPhase section */

/* Begin PBXTargetDependency section */
		84FEE62C19DECC29000C596C /* PBXTargetDependency */ = {
			isa = PBXTargetDependency;
			target = 84FEE60D19DECC29000C596C /* BGColorAppearanceTest */;
			targetProxy = 84FEE62B19DECC29000C596C /* PBXContainerItemProxy */;
		};
/* End PBXTargetDependency section */

/* Begin PBXVariantGroup section */
		84FEE61E19DECC29000C596C /* Main.storyboard */ = {
			isa = PBXVariantGroup;
			children = (
				84FEE61F19DECC29000C596C /* Base */,
			);
			name = Main.storyboard;
			sourceTree = "<group>";
		};
		84FEE62319DECC29000C596C /* LaunchScreen.xib */ = {
			isa = PBXVariantGroup;
			children = (
				84FEE62419DECC29000C596C /* Base */,
			);
			name = LaunchScreen.xib;
			sourceTree = "<group>";
		};
/* End PBXVariantGroup section */

/* Begin XCBuildConfiguration section */
		84FEE63219DECC29000C596C /* Debug */ = {
			isa = XCBuildConfiguration;
			buildSettings = {
				ALWAYS_SEARCH_USER_PATHS = NO;
				CLANG_CXX_LANGUAGE_STANDARD = "gnu++0x";
				CLANG_CXX_LIBRARY = "libc++";
				CLANG_ENABLE_MODULES = YES;
				CLANG_ENABLE_OBJC_ARC = YES;
				CLANG_WARN_BOOL_CONVERSION = YES;
				CLANG_WARN_CONSTANT_CONVERSION = YES;
				CLANG_WARN_DIRECT_OBJC_ISA_USAGE = YES_ERROR;
				CLANG_WARN_EMPTY_BODY = YES;
				CLANG_WARN_ENUM_CONVERSION = YES;
				CLANG_WARN_INT_CONVERSION = YES;
				CLANG_WARN_OBJC_ROOT_CLASS = YES_ERROR;
				CLANG_WARN_UNREACHABLE_CODE = YES;
				CLANG_WARN__DUPLICATE_METHOD_MATCH = YES;
				"CODE_SIGN_IDENTITY[sdk=iphoneos*]" = "iPhone Developer";
				COPY_PHASE_STRIP = NO;
				ENABLE_STRICT_OBJC_MSGSEND = YES;
				GCC_C_LANGUAGE_STANDARD = gnu99;
				GCC_DYNAMIC_NO_PIC = NO;
				GCC_OPTIMIZATION_LEVEL = 0;
				GCC_PREPROCESSOR_DEFINITIONS = (
					"DEBUG=1",
					"$(inherited)",
				);
				GCC_SYMBOLS_PRIVATE_EXTERN = NO;
				GCC_WARN_64_TO_32_BIT_CONVERSION = YES;
				GCC_WARN_ABOUT_RETURN_TYPE = YES_ERROR;
				GCC_WARN_UNDECLARED_SELECTOR = YES;
				GCC_WARN_UNINITIALIZED_AUTOS = YES_AGGRESSIVE;
				GCC_WARN_UNUSED_FUNCTION = YES;
				GCC_WARN_UNUSED_VARIABLE = YES;
				IPHONEOS_DEPLOYMENT_TARGET = 8.0;
				MTL_ENABLE_DEBUG_INFO = YES;
				ONLY_ACTIVE_ARCH = YES;
				SDKROOT = iphoneos;
			};
			name = Debug;
		};
		84FEE63319DECC29000C596C /* Release */ = {
			isa = XCBuildConfiguration;
			buildSettings = {
				ALWAYS_SEARCH_USER_PATHS = NO;
				CLANG_CXX_LANGUAGE_STANDARD = "gnu++0x";
				CLANG_CXX_LIBRARY = "libc++";
				CLANG_ENABLE_MODULES = YES;
				CLANG_ENABLE_OBJC_ARC = YES;
				CLANG_WARN_BOOL_CONVERSION = YES;
				CLANG_WARN_CONSTANT_CONVERSION = YES;
				CLANG_WARN_DIRECT_OBJC_ISA_USAGE = YES_ERROR;
				CLANG_WARN_EMPTY_BODY = YES;
				CLANG_WARN_ENUM_CONVERSION = YES;
				CLANG_WARN_INT_CONVERSION = YES;
				CLANG_WARN_OBJC_ROOT_CLASS = YES_ERROR;
				CLANG_WARN_UNREACHABLE_CODE = YES;
				CLANG_WARN__DUPLICATE_METHOD_MATCH = YES;
				"CODE_SIGN_IDENTITY[sdk=iphoneos*]" = "iPhone Developer";
				COPY_PHASE_STRIP = YES;
				ENABLE_NS_ASSERTIONS = NO;
				ENABLE_STRICT_OBJC_MSGSEND = YES;
				GCC_C_LANGUAGE_STANDARD = gnu99;
				GCC_WARN_64_TO_32_BIT_CONVERSION = YES;
				GCC_WARN_ABOUT_RETURN_TYPE = YES_ERROR;
				GCC_WARN_UNDECLARED_SELECTOR = YES;
				GCC_WARN_UNINITIALIZED_AUTOS = YES_AGGRESSIVE;
				GCC_WARN_UNUSED_FUNCTION = YES;
				GCC_WARN_UNUSED_VARIABLE = YES;
				IPHONEOS_DEPLOYMENT_TARGET = 8.0;
				MTL_ENABLE_DEBUG_INFO = NO;
				SDKROOT = iphoneos;
				VALIDATE_PRODUCT = YES;
			};
			name = Release;
		};
		84FEE63519DECC29000C596C /* Debug */ = {
			isa = XCBuildConfiguration;
			buildSettings = {
				ASSETCATALOG_COMPILER_APPICON_NAME = AppIcon;
				ASSETCATALOG_COMPILER_LAUNCHIMAGE_NAME = LaunchImage;
				CODE_SIGN_IDENTITY = "iPhone Developer: Marco Chareyron (Q25KHJ7724)";
				"CODE_SIGN_IDENTITY[sdk=iphoneos*]" = "iPhone Developer: Marco Chareyron (E735TE48FB)";
				INFOPLIST_FILE = BGColorAppearanceTest/Info.plist;
				IPHONEOS_DEPLOYMENT_TARGET = 7.1;
				LD_RUNPATH_SEARCH_PATHS = "$(inherited) @executable_path/Frameworks";
				PRODUCT_NAME = "$(TARGET_NAME)";
				PROVISIONING_PROFILE = "A8AD127B-5BC5-4D04-94E3-9F6BF13D38E6";
			};
			name = Debug;
		};
		84FEE63619DECC29000C596C /* Release */ = {
			isa = XCBuildConfiguration;
			buildSettings = {
				ASSETCATALOG_COMPILER_APPICON_NAME = AppIcon;
				ASSETCATALOG_COMPILER_LAUNCHIMAGE_NAME = LaunchImage;
				INFOPLIST_FILE = BGColorAppearanceTest/Info.plist;
				IPHONEOS_DEPLOYMENT_TARGET = 7.1;
				LD_RUNPATH_SEARCH_PATHS = "$(inherited) @executable_path/Frameworks";
				PRODUCT_NAME = "$(TARGET_NAME)";
				PROVISIONING_PROFILE = "A8AD127B-5BC5-4D04-94E3-9F6BF13D38E6";
			};
			name = Release;
		};
		84FEE63819DECC29000C596C /* Debug */ = {
			isa = XCBuildConfiguration;
			buildSettings = {
				BUNDLE_LOADER = "$(TEST_HOST)";
				FRAMEWORK_SEARCH_PATHS = (
					"$(SDKROOT)/Developer/Library/Frameworks",
					"$(inherited)",
				);
				GCC_PREPROCESSOR_DEFINITIONS = (
					"DEBUG=1",
					"$(inherited)",
				);
				INFOPLIST_FILE = BGColorAppearanceTestTests/Info.plist;
				LD_RUNPATH_SEARCH_PATHS = "$(inherited) @executable_path/Frameworks @loader_path/Frameworks";
				PRODUCT_NAME = "$(TARGET_NAME)";
				TEST_HOST = "$(BUILT_PRODUCTS_DIR)/BGColorAppearanceTest.app/BGColorAppearanceTest";
			};
			name = Debug;
		};
		84FEE63919DECC29000C596C /* Release */ = {
			isa = XCBuildConfiguration;
			buildSettings = {
				BUNDLE_LOADER = "$(TEST_HOST)";
				FRAMEWORK_SEARCH_PATHS = (
					"$(SDKROOT)/Developer/Library/Frameworks",
					"$(inherited)",
				);
				INFOPLIST_FILE = BGColorAppearanceTestTests/Info.plist;
				LD_RUNPATH_SEARCH_PATHS = "$(inherited) @executable_path/Frameworks @loader_path/Frameworks";
				PRODUCT_NAME = "$(TARGET_NAME)";
				TEST_HOST = "$(BUILT_PRODUCTS_DIR)/BGColorAppearanceTest.app/BGColorAppearanceTest";
			};
			name = Release;
		};
/* End XCBuildConfiguration section */

/* Begin XCConfigurationList section */
		84FEE60919DECC29000C596C /* Build configuration list for PBXProject "BGColorAppearanceTest" */ = {
			isa = XCConfigurationList;
			buildConfigurations = (
				84FEE63219DECC29000C596C /* Debug */,
				84FEE63319DECC29000C596C /* Release */,
			);
			defaultConfigurationIsVisible = 0;
			defaultConfigurationName = Release;
		};
		84FEE63419DECC29000C596C /* Build configuration list for PBXNativeTarget "BGColorAppearanceTest" */ = {
			isa = XCConfigurationList;
			buildConfigurations = (
				84FEE63519DECC29000C596C /* Debug */,
				84FEE63619DECC29000C596C /* Release */,
			);
			defaultConfigurationIsVisible = 0;
		};
		84FEE63719DECC29000C596C /* Build configuration list for PBXNativeTarget "BGColorAppearanceTestTests" */ = {
			isa = XCConfigurationList;
			buildConfigurations = (
				84FEE63819DECC29000C596C /* Debug */,
				84FEE63919DECC29000C596C /* Release */,
			);
			defaultConfigurationIsVisible = 0;
		};
/* End XCConfigurationList section */

/* Begin XCVersionGroup section */
		84FEE61819DECC29000C596C /* BGColorAppearanceTest.xcdatamodeld */ = {
			isa = XCVersionGroup;
			children = (
				84FEE61919DECC29000C596C /* BGColorAppearanceTest.xcdatamodel */,
			);
			currentVersion = 84FEE61919DECC29000C596C /* BGColorAppearanceTest.xcdatamodel */;
			path = BGColorAppearanceTest.xcdatamodeld;
			sourceTree = "<group>";
			versionGroupType = wrapper.xcdatamodel;
		};
/* End XCVersionGroup section */
	};
	rootObject = 84FEE60619DECC29000C596C /* Project object */;
}
